
Microsoft Visual Studio Solution File, Format Version 12.00
# Visual Studio Version 17
VisualStudioVersion = 17.5.33627.172
MinimumVisualStudioVersion = 10.0.40219.1
Project("{FAE04EC0-301F-11D3-BF4B-00C04F79EFBC}") = "Exercicio1", "Exercicio1.csproj", "{1ED2DB31-7604-41B0-A2C5-10350FD01226}"
EndProject
Global
	GlobalSection(SolutionConfigurationPlatforms) = preSolution
		Debug|Any CPU = Debug|Any CPU
		Release|Any CPU = Release|Any CPU
	EndGlobalSection
	GlobalSection(ProjectConfigurationPlatforms) = postSolution
		{1ED2DB31-7604-41B0-A2C5-10350FD01226}.Debug|Any CPU.ActiveCfg = Debug|Any CPU
		{1ED2DB31-7604-41B0-A2C5-10350FD01226}.Debug|Any CPU.Build.0 = Debug|Any CPU
		{1ED2DB31-7604-41B0-A2C5-10350FD01226}.Release|Any CPU.ActiveCfg = Release|Any CPU
		{1ED2DB31-7604-41B0-A2C5-10350FD01226}.Release|Any CPU.Build.0 = Release|Any CPU
	EndGlobalSection
	GlobalSection(SolutionProperties) = preSolution
		HideSolutionNode = FALSE
	EndGlobalSection
	GlobalSection(ExtensibilityGlobals) = postSolution
		SolutionGuid = {84D30B0A-604D-4504-817A-BC8973DCA0E1}
	EndGlobalSection
EndGlobal
