
Microsoft Visual Studio Solution File, Format Version 12.00
# Visual Studio Version 17
VisualStudioVersion = 17.5.33627.172
MinimumVisualStudioVersion = 10.0.40219.1
Project("{FAE04EC0-301F-11D3-BF4B-00C04F79EFBC}") = "ConexaoBDMySQL", "ConexaoBDMySQL.csproj", "{D0BFDCF8-9B7B-44BB-9F58-E572B39C0C58}"
EndProject
Global
	GlobalSection(SolutionConfigurationPlatforms) = preSolution
		Debug|Any CPU = Debug|Any CPU
		Release|Any CPU = Release|Any CPU
	EndGlobalSection
	GlobalSection(ProjectConfigurationPlatforms) = postSolution
		{D0BFDCF8-9B7B-44BB-9F58-E572B39C0C58}.Debug|Any CPU.ActiveCfg = Debug|Any CPU
		{D0BFDCF8-9B7B-44BB-9F58-E572B39C0C58}.Debug|Any CPU.Build.0 = Debug|Any CPU
		{D0BFDCF8-9B7B-44BB-9F58-E572B39C0C58}.Release|Any CPU.ActiveCfg = Release|Any CPU
		{D0BFDCF8-9B7B-44BB-9F58-E572B39C0C58}.Release|Any CPU.Build.0 = Release|Any CPU
	EndGlobalSection
	GlobalSection(SolutionProperties) = preSolution
		HideSolutionNode = FALSE
	EndGlobalSection
	GlobalSection(ExtensibilityGlobals) = postSolution
		SolutionGuid = {A785985F-0330-4BA9-8F06-3FF5EB5F476A}
	EndGlobalSection
EndGlobal
